
Microsoft Visual Studio Solution File, Format Version 12.00
# Visual Studio Version 17
VisualStudioVersion = 17.9.34622.214
MinimumVisualStudioVersion = 10.0.40219.1
Project("{9A19103F-16F7-4668-BE54-9A1E7A4F7556}") = "ServidorTCP", "ServidorTCP\ServidorTCP.csproj", "{F7CF5EB1-221B-4B8B-B12E-ADFC53A8B844}"
EndProject
Project("{FAE04EC0-301F-11D3-BF4B-00C04F79EFBC}") = "ClienteTCP", "ClienteTCP\ClienteTCP.csproj", "{0785E55C-7255-4A58-ADC2-D37BC4371E53}"
EndProject
Global
	GlobalSection(SolutionConfigurationPlatforms) = preSolution
		Debug|Any CPU = Debug|Any CPU
		Release|Any CPU = Release|Any CPU
	EndGlobalSection
	GlobalSection(ProjectConfigurationPlatforms) = postSolution
		{F7CF5EB1-221B-4B8B-B12E-ADFC53A8B844}.Debug|Any CPU.ActiveCfg = Debug|Any CPU
		{F7CF5EB1-221B-4B8B-B12E-ADFC53A8B844}.Debug|Any CPU.Build.0 = Debug|Any CPU
		{F7CF5EB1-221B-4B8B-B12E-ADFC53A8B844}.Release|Any CPU.ActiveCfg = Release|Any CPU
		{F7CF5EB1-221B-4B8B-B12E-ADFC53A8B844}.Release|Any CPU.Build.0 = Release|Any CPU
		{0785E55C-7255-4A58-ADC2-D37BC4371E53}.Debug|Any CPU.ActiveCfg = Debug|Any CPU
		{0785E55C-7255-4A58-ADC2-D37BC4371E53}.Debug|Any CPU.Build.0 = Debug|Any CPU
		{0785E55C-7255-4A58-ADC2-D37BC4371E53}.Release|Any CPU.ActiveCfg = Release|Any CPU
		{0785E55C-7255-4A58-ADC2-D37BC4371E53}.Release|Any CPU.Build.0 = Release|Any CPU
	EndGlobalSection
	GlobalSection(SolutionProperties) = preSolution
		HideSolutionNode = FALSE
	EndGlobalSection
	GlobalSection(ExtensibilityGlobals) = postSolution
		SolutionGuid = {F6F72D0F-CF54-4501-9EDC-3ECF35A1B180}
	EndGlobalSection
EndGlobal
